
Microsoft Visual Studio Solution File, Format Version 12.00
# Visual Studio Version 17
VisualStudioVersion = 17.2.32802.462
MinimumVisualStudioVersion = 10.0.40219.1
Project("{FAE04EC0-301F-11D3-BF4B-00C04F79EFBC}") = "ZH_VBII48", "ZH_VBII48\ZH_VBII48.csproj", "{93433220-C32E-47ED-8F7A-CC189C7F7942}"
EndProject
Global
	GlobalSection(SolutionConfigurationPlatforms) = preSolution
		Debug|Any CPU = Debug|Any CPU
		Release|Any CPU = Release|Any CPU
	EndGlobalSection
	GlobalSection(ProjectConfigurationPlatforms) = postSolution
		{93433220-C32E-47ED-8F7A-CC189C7F7942}.Debug|Any CPU.ActiveCfg = Debug|Any CPU
		{93433220-C32E-47ED-8F7A-CC189C7F7942}.Debug|Any CPU.Build.0 = Debug|Any CPU
		{93433220-C32E-47ED-8F7A-CC189C7F7942}.Release|Any CPU.ActiveCfg = Release|Any CPU
		{93433220-C32E-47ED-8F7A-CC189C7F7942}.Release|Any CPU.Build.0 = Release|Any CPU
	EndGlobalSection
	GlobalSection(SolutionProperties) = preSolution
		HideSolutionNode = FALSE
	EndGlobalSection
	GlobalSection(ExtensibilityGlobals) = postSolution
		SolutionGuid = {28205233-91A1-442A-B2B4-4AAFA0565196}
	EndGlobalSection
EndGlobal
